{
  "lockfileVersion": 1,
  "dependencies": {
    "deepmerge": {
      "version": "2.1.0",
      "resolved": "https://registry.npmjs.org/deepmerge/-/deepmerge-2.1.0.tgz",
      "integrity": "sha512-Q89Z26KAfA3lpPGhbF6XMfYAm3jIV3avViy6KOJ2JLzFbeWHOvPQUu5aSJIWXap3gDZC2y1eF5HXEPI2wGqgvw=="
    },
    "josk": {
      "version": "2.0.1",
      "resolved": "https://registry.npmjs.org/josk/-/josk-2.0.1.tgz",
      "integrity": "sha512-Wdzs6z9PbhkC8kTl5FzCTxQk9WVbPGSNHGFoJKyFMU+oKVWspCdRC5O1zLIvWMd/pChnb+hOYwCfDLkNA4ooZg=="
    },
    "mail-time": {
      "version": "1.0.1",
      "resolved": "https://registry.npmjs.org/mail-time/-/mail-time-1.0.1.tgz",
      "integrity": "sha512-S52Rxe6wlb1kXQzTvNHt9jnvi9dTbeR8LoFmXCtptIfHdi+miCR4jH3b2f2uxpvjU2O717uEuKQJLKdwXKnJ5A=="
    }
  }
}
