{
  "lockfileVersion": 1,
  "dependencies": {
    "deepmerge": {
      "version": "2.0.1",
      "resolved": "https://registry.npmjs.org/deepmerge/-/deepmerge-2.0.1.tgz",
      "integrity": "sha512-VIPwiMJqJ13ZQfaCsIFnp5Me9tnjURiaIFxfz7EH0Ci0dTSQpZtSLrqOicXqEd/z2r+z+Klk9GzmnRsgpgbOsQ=="
    },
    "josk": {
      "version": "2.0.1",
      "resolved": "https://registry.npmjs.org/josk/-/josk-2.0.1.tgz",
      "integrity": "sha512-Wdzs6z9PbhkC8kTl5FzCTxQk9WVbPGSNHGFoJKyFMU+oKVWspCdRC5O1zLIvWMd/pChnb+hOYwCfDLkNA4ooZg=="
    },
    "mail-time": {
      "version": "1.0.0",
      "resolved": "https://registry.npmjs.org/mail-time/-/mail-time-1.0.0.tgz",
      "integrity": "sha512-eMrocFdiLO7x9ZF387JmXz/DLAWJiXwJ4WzL77KSZCTrZYFew0hJtv2hcFq1Bxl2k9FjX3dg6DEKJ/VKkgGDFA=="
    }
  }
}
